Microsoft Visual Studio Solution File, Format Version 12.00
# Visual Studio Version 17
VisualStudioVersion = 17.5.2.0
MinimumVisualStudioVersion = 10.0.40219.1
Project("{FAE04EC0-301F-11D3-BF4B-00C04F79EFBC}") = "WebApplication-aspnet", "WebApplication-aspnet.csproj", "{7E12BECD-1290-C133-BC66-4A8D0C936862}"
EndProject
Global
	GlobalSection(SolutionConfigurationPlatforms) = preSolution
		Debug|Any CPU = Debug|Any CPU
		Release|Any CPU = Release|Any CPU
	EndGlobalSection
	GlobalSection(ProjectConfigurationPlatforms) = postSolution
		{7E12BECD-1290-C133-BC66-4A8D0C936862}.Debug|Any CPU.ActiveCfg = Debug|Any CPU
		{7E12BECD-1290-C133-BC66-4A8D0C936862}.Debug|Any CPU.Build.0 = Debug|Any CPU
		{7E12BECD-1290-C133-BC66-4A8D0C936862}.Release|Any CPU.ActiveCfg = Release|Any CPU
		{7E12BECD-1290-C133-BC66-4A8D0C936862}.Release|Any CPU.Build.0 = Release|Any CPU
	EndGlobalSection
	GlobalSection(SolutionProperties) = preSolution
		HideSolutionNode = FALSE
	EndGlobalSection
	GlobalSection(ExtensibilityGlobals) = postSolution
		SolutionGuid = {3A0E901D-C1EF-4545-9937-E4DB65A5FAEE}
	EndGlobalSection
EndGlobal
